
Microsoft Visual Studio Solution File, Format Version 12.00
# Visual Studio Version 17
VisualStudioVersion = 17.5.002.0
MinimumVisualStudioVersion = 10.0.40219.1
Project("{9A19103F-16F7-4668-BE54-9A1E7A4F7556}") = "BakeryApp.Tests", "BakeryApp.Tests\BakeryApp.Tests.csproj", "{0C926A3B-DACC-46B8-B042-B576AA9328C8}"
EndProject
Project("{9A19103F-16F7-4668-BE54-9A1E7A4F7556}") = "BakeryApp", "BakeryApp\BakeryApp.csproj", "{7E1D8031-6EB9-4209-BC82-E6F9ECC3E309}"
EndProject
Global
	GlobalSection(SolutionConfigurationPlatforms) = preSolution
		Debug|Any CPU = Debug|Any CPU
		Release|Any CPU = Release|Any CPU
	EndGlobalSection
	GlobalSection(ProjectConfigurationPlatforms) = postSolution
		{0C926A3B-DACC-46B8-B042-B576AA9328C8}.Debug|Any CPU.ActiveCfg = Debug|Any CPU
		{0C926A3B-DACC-46B8-B042-B576AA9328C8}.Debug|Any CPU.Build.0 = Debug|Any CPU
		{0C926A3B-DACC-46B8-B042-B576AA9328C8}.Release|Any CPU.ActiveCfg = Release|Any CPU
		{0C926A3B-DACC-46B8-B042-B576AA9328C8}.Release|Any CPU.Build.0 = Release|Any CPU
		{7E1D8031-6EB9-4209-BC82-E6F9ECC3E309}.Debug|Any CPU.ActiveCfg = Debug|Any CPU
		{7E1D8031-6EB9-4209-BC82-E6F9ECC3E309}.Debug|Any CPU.Build.0 = Debug|Any CPU
		{7E1D8031-6EB9-4209-BC82-E6F9ECC3E309}.Release|Any CPU.ActiveCfg = Release|Any CPU
		{7E1D8031-6EB9-4209-BC82-E6F9ECC3E309}.Release|Any CPU.Build.0 = Release|Any CPU
	EndGlobalSection
	GlobalSection(SolutionProperties) = preSolution
		HideSolutionNode = FALSE
	EndGlobalSection
	GlobalSection(ExtensibilityGlobals) = postSolution
		SolutionGuid = {C6EBD137-6641-4907-9204-2B2C657B0671}
	EndGlobalSection
EndGlobal
